
Microsoft Visual Studio Solution File, Format Version 12.00
# Visual Studio 14
VisualStudioVersion = 14.0.25420.1
MinimumVisualStudioVersion = 10.0.40219.1
Project("{2150E333-8FDC-42A3-9474-1A3956D46DE8}") = "Solution Items", "Solution Items", "{32BC85F3-1012-444A-AFC0-3BCBBAF45140}"
	ProjectSection(SolutionItems) = preProject
		README.md = README.md
	EndProjectSection
EndProject
Project("{FAE04EC0-301F-11D3-BF4B-00C04F79EFBC}") = "Soex.Csharp", "Soex.Csharp\Soex.Csharp.csproj", "{B760C288-2D42-4E5C-AB68-B1A9B82FFD58}"
EndProject
Project("{8BC9CEB8-8B4A-11D0-8D11-00A0C91BC942}") = "Soex.C", "Soex.C\Soex.C.vcxproj", "{1AC6C655-FDE1-44E9-A7B9-F646373BCF4C}"
EndProject
Project("{8BC9CEB8-8B4A-11D0-8D11-00A0C91BC942}") = "Soex.Cseh", "Soex.Cseh\Soex.Cseh.vcxproj", "{73C95026-46A1-4043-9194-4CA5E877901C}"
EndProject
Project("{FAE04EC0-301F-11D3-BF4B-00C04F79EFBC}") = "DbgSvcConfiguration", "DbgSvcConfiguration\DbgSvcConfiguration.csproj", "{27BBC923-C913-4832-99FB-8F162F08A325}"
EndProject
Project("{8BC9CEB8-8B4A-11D0-8D11-00A0C91BC942}") = "CrashHandler", "CrashHandler\CrashHandler.vcxproj", "{6287310A-CFEF-4537-AAF3-28B5809C3F9C}"
EndProject
Project("{8BC9CEB8-8B4A-11D0-8D11-00A0C91BC942}") = "SoexCh.C", "SoexCh.C\SoexCh.C.vcxproj", "{2FA2E43B-8971-46A5-8E7F-5D9E7B6E328E}"
	ProjectSection(ProjectDependencies) = postProject
		{6287310A-CFEF-4537-AAF3-28B5809C3F9C} = {6287310A-CFEF-4537-AAF3-28B5809C3F9C}
	EndProjectSection
EndProject
Project("{FAE04EC0-301F-11D3-BF4B-00C04F79EFBC}") = "SoexCh.Cs", "SoexCh.Cs\SoexCh.Cs.csproj", "{41AEE720-7609-46A5-95B7-293D0EB8BEE4}"
	ProjectSection(ProjectDependencies) = postProject
		{6287310A-CFEF-4537-AAF3-28B5809C3F9C} = {6287310A-CFEF-4537-AAF3-28B5809C3F9C}
	EndProjectSection
EndProject
Project("{8BC9CEB8-8B4A-11D0-8D11-00A0C91BC942}") = "HostClr", "HostClr\HostClr.vcxproj", "{C09B1DE1-8DF3-48A0-A79B-F5DD7A8C2783}"
	ProjectSection(ProjectDependencies) = postProject
		{6287310A-CFEF-4537-AAF3-28B5809C3F9C} = {6287310A-CFEF-4537-AAF3-28B5809C3F9C}
	EndProjectSection
EndProject
Project("{FAE04EC0-301F-11D3-BF4B-00C04F79EFBC}") = "HwCs", "HwCs\HwCs.csproj", "{29C7C925-6809-4AE0-B62D-AEF0278ACD53}"
EndProject
Global
	GlobalSection(SolutionConfigurationPlatforms) = preSolution
		Debug|Any CPU = Debug|Any CPU
		Debug|x64 = Debug|x64
		Debug|x86 = Debug|x86
		Release|Any CPU = Release|Any CPU
		Release|x64 = Release|x64
		Release|x86 = Release|x86
	EndGlobalSection
	GlobalSection(ProjectConfigurationPlatforms) = postSolution
		{B760C288-2D42-4E5C-AB68-B1A9B82FFD58}.Debug|Any CPU.ActiveCfg = Debug|Any CPU
		{B760C288-2D42-4E5C-AB68-B1A9B82FFD58}.Debug|Any CPU.Build.0 = Debug|Any CPU
		{B760C288-2D42-4E5C-AB68-B1A9B82FFD58}.Debug|x64.ActiveCfg = Debug|Any CPU
		{B760C288-2D42-4E5C-AB68-B1A9B82FFD58}.Debug|x64.Build.0 = Debug|Any CPU
		{B760C288-2D42-4E5C-AB68-B1A9B82FFD58}.Debug|x86.ActiveCfg = Debug|Any CPU
		{B760C288-2D42-4E5C-AB68-B1A9B82FFD58}.Debug|x86.Build.0 = Debug|Any CPU
		{B760C288-2D42-4E5C-AB68-B1A9B82FFD58}.Release|Any CPU.ActiveCfg = Release|Any CPU
		{B760C288-2D42-4E5C-AB68-B1A9B82FFD58}.Release|Any CPU.Build.0 = Release|Any CPU
		{B760C288-2D42-4E5C-AB68-B1A9B82FFD58}.Release|x64.ActiveCfg = Release|Any CPU
		{B760C288-2D42-4E5C-AB68-B1A9B82FFD58}.Release|x64.Build.0 = Release|Any CPU
		{B760C288-2D42-4E5C-AB68-B1A9B82FFD58}.Release|x86.ActiveCfg = Release|Any CPU
		{B760C288-2D42-4E5C-AB68-B1A9B82FFD58}.Release|x86.Build.0 = Release|Any CPU
		{1AC6C655-FDE1-44E9-A7B9-F646373BCF4C}.Debug|Any CPU.ActiveCfg = Debug|Win32
		{1AC6C655-FDE1-44E9-A7B9-F646373BCF4C}.Debug|x64.ActiveCfg = Debug|x64
		{1AC6C655-FDE1-44E9-A7B9-F646373BCF4C}.Debug|x64.Build.0 = Debug|x64
		{1AC6C655-FDE1-44E9-A7B9-F646373BCF4C}.Debug|x86.ActiveCfg = Debug|Win32
		{1AC6C655-FDE1-44E9-A7B9-F646373BCF4C}.Debug|x86.Build.0 = Debug|Win32
		{1AC6C655-FDE1-44E9-A7B9-F646373BCF4C}.Release|Any CPU.ActiveCfg = Release|Win32
		{1AC6C655-FDE1-44E9-A7B9-F646373BCF4C}.Release|x64.ActiveCfg = Release|x64
		{1AC6C655-FDE1-44E9-A7B9-F646373BCF4C}.Release|x64.Build.0 = Release|x64
		{1AC6C655-FDE1-44E9-A7B9-F646373BCF4C}.Release|x86.ActiveCfg = Release|Win32
		{1AC6C655-FDE1-44E9-A7B9-F646373BCF4C}.Release|x86.Build.0 = Release|Win32
		{73C95026-46A1-4043-9194-4CA5E877901C}.Debug|Any CPU.ActiveCfg = Debug|Win32
		{73C95026-46A1-4043-9194-4CA5E877901C}.Debug|x64.ActiveCfg = Debug|x64
		{73C95026-46A1-4043-9194-4CA5E877901C}.Debug|x64.Build.0 = Debug|x64
		{73C95026-46A1-4043-9194-4CA5E877901C}.Debug|x86.ActiveCfg = Debug|Win32
		{73C95026-46A1-4043-9194-4CA5E877901C}.Debug|x86.Build.0 = Debug|Win32
		{73C95026-46A1-4043-9194-4CA5E877901C}.Release|Any CPU.ActiveCfg = Release|Win32
		{73C95026-46A1-4043-9194-4CA5E877901C}.Release|x64.ActiveCfg = Release|x64
		{73C95026-46A1-4043-9194-4CA5E877901C}.Release|x64.Build.0 = Release|x64
		{73C95026-46A1-4043-9194-4CA5E877901C}.Release|x86.ActiveCfg = Release|Win32
		{73C95026-46A1-4043-9194-4CA5E877901C}.Release|x86.Build.0 = Release|Win32
		{27BBC923-C913-4832-99FB-8F162F08A325}.Debug|Any CPU.ActiveCfg = Debug|Any CPU
		{27BBC923-C913-4832-99FB-8F162F08A325}.Debug|Any CPU.Build.0 = Debug|Any CPU
		{27BBC923-C913-4832-99FB-8F162F08A325}.Debug|x64.ActiveCfg = Debug|Any CPU
		{27BBC923-C913-4832-99FB-8F162F08A325}.Debug|x64.Build.0 = Debug|Any CPU
		{27BBC923-C913-4832-99FB-8F162F08A325}.Debug|x86.ActiveCfg = Debug|Any CPU
		{27BBC923-C913-4832-99FB-8F162F08A325}.Debug|x86.Build.0 = Debug|Any CPU
		{27BBC923-C913-4832-99FB-8F162F08A325}.Release|Any CPU.ActiveCfg = Release|Any CPU
		{27BBC923-C913-4832-99FB-8F162F08A325}.Release|Any CPU.Build.0 = Release|Any CPU
		{27BBC923-C913-4832-99FB-8F162F08A325}.Release|x64.ActiveCfg = Release|Any CPU
		{27BBC923-C913-4832-99FB-8F162F08A325}.Release|x64.Build.0 = Release|Any CPU
		{27BBC923-C913-4832-99FB-8F162F08A325}.Release|x86.ActiveCfg = Release|Any CPU
		{27BBC923-C913-4832-99FB-8F162F08A325}.Release|x86.Build.0 = Release|Any CPU
		{6287310A-CFEF-4537-AAF3-28B5809C3F9C}.Debug|Any CPU.ActiveCfg = Debug|Win32
		{6287310A-CFEF-4537-AAF3-28B5809C3F9C}.Debug|x64.ActiveCfg = Debug|x64
		{6287310A-CFEF-4537-AAF3-28B5809C3F9C}.Debug|x64.Build.0 = Debug|x64
		{6287310A-CFEF-4537-AAF3-28B5809C3F9C}.Debug|x86.ActiveCfg = Debug|Win32
		{6287310A-CFEF-4537-AAF3-28B5809C3F9C}.Debug|x86.Build.0 = Debug|Win32
		{6287310A-CFEF-4537-AAF3-28B5809C3F9C}.Release|Any CPU.ActiveCfg = Release|Win32
		{6287310A-CFEF-4537-AAF3-28B5809C3F9C}.Release|x64.ActiveCfg = Release|x64
		{6287310A-CFEF-4537-AAF3-28B5809C3F9C}.Release|x64.Build.0 = Release|x64
		{6287310A-CFEF-4537-AAF3-28B5809C3F9C}.Release|x86.ActiveCfg = Release|Win32
		{6287310A-CFEF-4537-AAF3-28B5809C3F9C}.Release|x86.Build.0 = Release|Win32
		{2FA2E43B-8971-46A5-8E7F-5D9E7B6E328E}.Debug|Any CPU.ActiveCfg = Debug|x64
		{2FA2E43B-8971-46A5-8E7F-5D9E7B6E328E}.Debug|x64.ActiveCfg = Debug|x64
		{2FA2E43B-8971-46A5-8E7F-5D9E7B6E328E}.Debug|x64.Build.0 = Debug|x64
		{2FA2E43B-8971-46A5-8E7F-5D9E7B6E328E}.Debug|x86.ActiveCfg = Debug|x64
		{2FA2E43B-8971-46A5-8E7F-5D9E7B6E328E}.Release|Any CPU.ActiveCfg = Release|x64
		{2FA2E43B-8971-46A5-8E7F-5D9E7B6E328E}.Release|x64.ActiveCfg = Release|x64
		{2FA2E43B-8971-46A5-8E7F-5D9E7B6E328E}.Release|x64.Build.0 = Release|x64
		{2FA2E43B-8971-46A5-8E7F-5D9E7B6E328E}.Release|x86.ActiveCfg = Release|x64
		{41AEE720-7609-46A5-95B7-293D0EB8BEE4}.Debug|Any CPU.ActiveCfg = Debug|Any CPU
		{41AEE720-7609-46A5-95B7-293D0EB8BEE4}.Debug|Any CPU.Build.0 = Debug|Any CPU
		{41AEE720-7609-46A5-95B7-293D0EB8BEE4}.Debug|x64.ActiveCfg = Debug|Any CPU
		{41AEE720-7609-46A5-95B7-293D0EB8BEE4}.Debug|x64.Build.0 = Debug|Any CPU
		{41AEE720-7609-46A5-95B7-293D0EB8BEE4}.Debug|x86.ActiveCfg = Debug|Any CPU
		{41AEE720-7609-46A5-95B7-293D0EB8BEE4}.Debug|x86.Build.0 = Debug|Any CPU
		{41AEE720-7609-46A5-95B7-293D0EB8BEE4}.Release|Any CPU.ActiveCfg = Release|Any CPU
		{41AEE720-7609-46A5-95B7-293D0EB8BEE4}.Release|Any CPU.Build.0 = Release|Any CPU
		{41AEE720-7609-46A5-95B7-293D0EB8BEE4}.Release|x64.ActiveCfg = Release|Any CPU
		{41AEE720-7609-46A5-95B7-293D0EB8BEE4}.Release|x64.Build.0 = Release|Any CPU
		{41AEE720-7609-46A5-95B7-293D0EB8BEE4}.Release|x86.ActiveCfg = Release|Any CPU
		{41AEE720-7609-46A5-95B7-293D0EB8BEE4}.Release|x86.Build.0 = Release|Any CPU
		{C09B1DE1-8DF3-48A0-A79B-F5DD7A8C2783}.Debug|Any CPU.ActiveCfg = Debug|Win32
		{C09B1DE1-8DF3-48A0-A79B-F5DD7A8C2783}.Debug|x64.ActiveCfg = Debug|x64
		{C09B1DE1-8DF3-48A0-A79B-F5DD7A8C2783}.Debug|x64.Build.0 = Debug|x64
		{C09B1DE1-8DF3-48A0-A79B-F5DD7A8C2783}.Debug|x86.ActiveCfg = Debug|Win32
		{C09B1DE1-8DF3-48A0-A79B-F5DD7A8C2783}.Debug|x86.Build.0 = Debug|Win32
		{C09B1DE1-8DF3-48A0-A79B-F5DD7A8C2783}.Release|Any CPU.ActiveCfg = Release|Win32
		{C09B1DE1-8DF3-48A0-A79B-F5DD7A8C2783}.Release|x64.ActiveCfg = Release|x64
		{C09B1DE1-8DF3-48A0-A79B-F5DD7A8C2783}.Release|x64.Build.0 = Release|x64
		{C09B1DE1-8DF3-48A0-A79B-F5DD7A8C2783}.Release|x86.ActiveCfg = Release|Win32
		{C09B1DE1-8DF3-48A0-A79B-F5DD7A8C2783}.Release|x86.Build.0 = Release|Win32
		{29C7C925-6809-4AE0-B62D-AEF0278ACD53}.Debug|Any CPU.ActiveCfg = Debug|Any CPU
		{29C7C925-6809-4AE0-B62D-AEF0278ACD53}.Debug|Any CPU.Build.0 = Debug|Any CPU
		{29C7C925-6809-4AE0-B62D-AEF0278ACD53}.Debug|x64.ActiveCfg = Debug|Any CPU
		{29C7C925-6809-4AE0-B62D-AEF0278ACD53}.Debug|x64.Build.0 = Debug|Any CPU
		{29C7C925-6809-4AE0-B62D-AEF0278ACD53}.Debug|x86.ActiveCfg = Debug|Any CPU
		{29C7C925-6809-4AE0-B62D-AEF0278ACD53}.Debug|x86.Build.0 = Debug|Any CPU
		{29C7C925-6809-4AE0-B62D-AEF0278ACD53}.Release|Any CPU.ActiveCfg = Release|Any CPU
		{29C7C925-6809-4AE0-B62D-AEF0278ACD53}.Release|Any CPU.Build.0 = Release|Any CPU
		{29C7C925-6809-4AE0-B62D-AEF0278ACD53}.Release|x64.ActiveCfg = Release|Any CPU
		{29C7C925-6809-4AE0-B62D-AEF0278ACD53}.Release|x64.Build.0 = Release|Any CPU
		{29C7C925-6809-4AE0-B62D-AEF0278ACD53}.Release|x86.ActiveCfg = Release|Any CPU
		{29C7C925-6809-4AE0-B62D-AEF0278ACD53}.Release|x86.Build.0 = Release|Any CPU
	EndGlobalSection
	GlobalSection(SolutionProperties) = preSolution
		HideSolutionNode = FALSE
	EndGlobalSection
EndGlobal
